
Microsoft Visual Studio Solution File, Format Version 12.00
# Visual Studio Version 17
VisualStudioVersion = 17.10.35013.160
MinimumVisualStudioVersion = 10.0.40219.1
Project("{FAE04EC0-301F-11D3-BF4B-00C04F79EFBC}") = "Calculator", "Calculator.csproj", "{EC6CC569-E431-4D39-834F-E9BBE95F32DC}"
EndProject
Global
	GlobalSection(SolutionConfigurationPlatforms) = preSolution
		Debug|Any CPU = Debug|Any CPU
		Release|Any CPU = Release|Any CPU
	EndGlobalSection
	GlobalSection(ProjectConfigurationPlatforms) = postSolution
		{EC6CC569-E431-4D39-834F-E9BBE95F32DC}.Debug|Any CPU.ActiveCfg = Debug|Any CPU
		{EC6CC569-E431-4D39-834F-E9BBE95F32DC}.Debug|Any CPU.Build.0 = Debug|Any CPU
		{EC6CC569-E431-4D39-834F-E9BBE95F32DC}.Release|Any CPU.ActiveCfg = Release|Any CPU
		{EC6CC569-E431-4D39-834F-E9BBE95F32DC}.Release|Any CPU.Build.0 = Release|Any CPU
	EndGlobalSection
	GlobalSection(SolutionProperties) = preSolution
		HideSolutionNode = FALSE
	EndGlobalSection
	GlobalSection(ExtensibilityGlobals) = postSolution
		SolutionGuid = {92E7FA7D-2D21-4AD2-9FF0-E17361887591}
	EndGlobalSection
EndGlobal
